{
  "name": "to-clf",
  "version": "1.0.0-alpha.6",
  "lockfileVersion": 2,
  "requires": true,
  "packages": {
    "": {
      "name": "to-clf",
      "version": "1.0.0-alpha.6",
      "license": "MIT",
      "dependencies": {
        "@algebraic/dense-int-set": "^1.0.0-alpha.21",
        "@algebraic/type": "^1.0.0-alpha.21",
        "@babel/parser": "^7.15.7",
        "@climb/until": "^1.0.0-alpha.8",
        "commander": "^8.2.0"
      },
      "bin": {
        "clf": "bin/clf"
      }
    },
    "node_modules/@algebraic/dense-int-set": {
      "version": "1.0.0-alpha.21",
      "resolved": "https://registry.npmjs.org/@algebraic/dense-int-set/-/dense-int-set-1.0.0-alpha.21.tgz",
      "integrity": "sha512-W3wKiAaAJY2FPMEVQ9knx+X7ivY9WNl0YdYB0o8PK6qYPuZs9r4FBNVNzHKTppDvCtkHmiXrqrIMgWKqgsSuEw==",
      "dependencies": {
        "@climb/unfold": "1.0.0-alpha.5"
      }
    },
    "node_modules/@algebraic/type": {
      "version": "1.0.0-alpha.21",
      "resolved": "https://registry.npmjs.org/@algebraic/type/-/type-1.0.0-alpha.21.tgz",
      "integrity": "sha512-DP+NhSnuFTkb2ndxXCp1XE33+9CrBRMT+UeiD/e8crLklpnfOB9wLF0hXFRmLRT9hvQzhztEfpB4NGKjQ6pssQ==",
      "dependencies": {
        "@climb/from-entries": "1.0.0-alpha.5",
        "@climb/partition": "1.0.0-alpha.5"
      }
    },
    "node_modules/@babel/parser": {
      "version": "7.15.7",
      "resolved": "https://registry.npmjs.org/@babel/parser/-/parser-7.15.7.tgz",
      "integrity": "sha512-rycZXvQ+xS9QyIcJ9HXeDWf1uxqlbVFAUq0Rq0dbc50Zb/+wUe/ehyfzGfm9KZZF0kBejYgxltBXocP+gKdL2g==",
      "bin": {
        "parser": "bin/babel-parser.js"
      },
      "engines": {
        "node": ">=6.0.0"
      }
    },
    "node_modules/@climb/from-entries": {
      "version": "1.0.0-alpha.5",
      "resolved": "https://registry.npmjs.org/@climb/from-entries/-/from-entries-1.0.0-alpha.5.tgz",
      "integrity": "sha512-tuHvhBTB1P/zW0qTjeFB/Im0qPB6PP2BrTv7ZEBW4TF1ca+4KKVzGI3g0CjqIPqyHpjznOKL1xHD7hkCH0dt3w=="
    },
    "node_modules/@climb/partition": {
      "version": "1.0.0-alpha.5",
      "resolved": "https://registry.npmjs.org/@climb/partition/-/partition-1.0.0-alpha.5.tgz",
      "integrity": "sha512-9BDHIBZDLKqUQT+qinlMMsj9CDWc2fm7ftqTqK/a03r3EjGR7VyMy9aTP+ClwTi48ILj74KKHguglU90rbM52Q=="
    },
    "node_modules/@climb/unfold": {
      "version": "1.0.0-alpha.5",
      "resolved": "https://registry.npmjs.org/@climb/unfold/-/unfold-1.0.0-alpha.5.tgz",
      "integrity": "sha512-x7kmoOrULjEYS0C39A9hl3bHIL10M5KdkIFUkBoi0inN9UGF7CKalHi+gkZGANDx1boCAacshildw20awKIh1Q=="
    },
    "node_modules/@climb/until": {
      "version": "1.0.0-alpha.8",
      "resolved": "https://registry.npmjs.org/@climb/until/-/until-1.0.0-alpha.8.tgz",
      "integrity": "sha512-Vvw141X+OCUH9jLzeZOLwuFJjQBf1DYGEnyLLYFz/d3pZL7CJUjW4gQ+xDtaTyhX19rjGnHSaj0stW02qdq9tg=="
    },
    "node_modules/commander": {
      "version": "8.2.0",
      "resolved": "https://registry.npmjs.org/commander/-/commander-8.2.0.tgz",
      "integrity": "sha512-LLKxDvHeL91/8MIyTAD5BFMNtoIwztGPMiM/7Bl8rIPmHCZXRxmSWr91h57dpOpnQ6jIUqEWdXE/uBYMfiVZDA==",
      "engines": {
        "node": ">= 12"
      }
    }
  },
  "dependencies": {
    "@algebraic/dense-int-set": {
      "version": "1.0.0-alpha.21",
      "resolved": "https://registry.npmjs.org/@algebraic/dense-int-set/-/dense-int-set-1.0.0-alpha.21.tgz",
      "integrity": "sha512-W3wKiAaAJY2FPMEVQ9knx+X7ivY9WNl0YdYB0o8PK6qYPuZs9r4FBNVNzHKTppDvCtkHmiXrqrIMgWKqgsSuEw==",
      "requires": {
        "@climb/unfold": "1.0.0-alpha.5"
      }
    },
    "@algebraic/type": {
      "version": "1.0.0-alpha.21",
      "resolved": "https://registry.npmjs.org/@algebraic/type/-/type-1.0.0-alpha.21.tgz",
      "integrity": "sha512-DP+NhSnuFTkb2ndxXCp1XE33+9CrBRMT+UeiD/e8crLklpnfOB9wLF0hXFRmLRT9hvQzhztEfpB4NGKjQ6pssQ==",
      "requires": {
        "@climb/from-entries": "1.0.0-alpha.5",
        "@climb/partition": "1.0.0-alpha.5"
      }
    },
    "@babel/parser": {
      "version": "7.15.7",
      "resolved": "https://registry.npmjs.org/@babel/parser/-/parser-7.15.7.tgz",
      "integrity": "sha512-rycZXvQ+xS9QyIcJ9HXeDWf1uxqlbVFAUq0Rq0dbc50Zb/+wUe/ehyfzGfm9KZZF0kBejYgxltBXocP+gKdL2g=="
    },
    "@climb/from-entries": {
      "version": "1.0.0-alpha.5",
      "resolved": "https://registry.npmjs.org/@climb/from-entries/-/from-entries-1.0.0-alpha.5.tgz",
      "integrity": "sha512-tuHvhBTB1P/zW0qTjeFB/Im0qPB6PP2BrTv7ZEBW4TF1ca+4KKVzGI3g0CjqIPqyHpjznOKL1xHD7hkCH0dt3w=="
    },
    "@climb/partition": {
      "version": "1.0.0-alpha.5",
      "resolved": "https://registry.npmjs.org/@climb/partition/-/partition-1.0.0-alpha.5.tgz",
      "integrity": "sha512-9BDHIBZDLKqUQT+qinlMMsj9CDWc2fm7ftqTqK/a03r3EjGR7VyMy9aTP+ClwTi48ILj74KKHguglU90rbM52Q=="
    },
    "@climb/unfold": {
      "version": "1.0.0-alpha.5",
      "resolved": "https://registry.npmjs.org/@climb/unfold/-/unfold-1.0.0-alpha.5.tgz",
      "integrity": "sha512-x7kmoOrULjEYS0C39A9hl3bHIL10M5KdkIFUkBoi0inN9UGF7CKalHi+gkZGANDx1boCAacshildw20awKIh1Q=="
    },
    "@climb/until": {
      "version": "1.0.0-alpha.8",
      "resolved": "https://registry.npmjs.org/@climb/until/-/until-1.0.0-alpha.8.tgz",
      "integrity": "sha512-Vvw141X+OCUH9jLzeZOLwuFJjQBf1DYGEnyLLYFz/d3pZL7CJUjW4gQ+xDtaTyhX19rjGnHSaj0stW02qdq9tg=="
    },
    "commander": {
      "version": "8.2.0",
      "resolved": "https://registry.npmjs.org/commander/-/commander-8.2.0.tgz",
      "integrity": "sha512-LLKxDvHeL91/8MIyTAD5BFMNtoIwztGPMiM/7Bl8rIPmHCZXRxmSWr91h57dpOpnQ6jIUqEWdXE/uBYMfiVZDA=="
    }
  }
}
